
Microsoft Visual Studio Solution File, Format Version 12.00
# Visual Studio Version 18
VisualStudioVersion = 18.6.11723.189 insiders
MinimumVisualStudioVersion = 10.0.40219.1
Project("{FAE04EC0-301F-11D3-BF4B-00C04F79EFBC}") = "IQeSign.VeriFactu", "IQeSign.VeriFactu.csproj", "{562766A0-1094-3D3C-F4D6-22E44F622E8E}"
EndProject
Global
	GlobalSection(SolutionConfigurationPlatforms) = preSolution
		Debug|Any CPU = Debug|Any CPU
		Release|Any CPU = Release|Any CPU
	EndGlobalSection
	GlobalSection(ProjectConfigurationPlatforms) = postSolution
		{562766A0-1094-3D3C-F4D6-22E44F622E8E}.Debug|Any CPU.ActiveCfg = Debug|Any CPU
		{562766A0-1094-3D3C-F4D6-22E44F622E8E}.Debug|Any CPU.Build.0 = Debug|Any CPU
		{562766A0-1094-3D3C-F4D6-22E44F622E8E}.Release|Any CPU.ActiveCfg = Release|Any CPU
		{562766A0-1094-3D3C-F4D6-22E44F622E8E}.Release|Any CPU.Build.0 = Release|Any CPU
	EndGlobalSection
	GlobalSection(SolutionProperties) = preSolution
		HideSolutionNode = FALSE
	EndGlobalSection
	GlobalSection(ExtensibilityGlobals) = postSolution
		SolutionGuid = {07927983-C5F2-42E9-8E9C-38F2CE95DCFB}
	EndGlobalSection
EndGlobal
